<?xml version="1.0" encoding="UTF-8"?>
<CONFIG>
  <ProjectOptions>
    <Version Value="9"/>
    <General>
      <Flags>
        <MainUnitHasCreateFormStatements Value="False"/>
        <MainUnitHasTitleStatement Value="False"/>
      </Flags>
      <SessionStorage Value="InProjectDir"/>
      <MainUnit Value="0"/>
      <Title Value="FactorUsingSAT"/>
      <UseAppBundle Value="False"/>
      <ResourceType Value="res"/>
    </General>
    <i18n>
      <EnableI18N LFM="False"/>
    </i18n>
    <VersionInfo>
      <StringTable ProductVersion=""/>
    </VersionInfo>
    <BuildModes Count="1">
      <Item1 Name="Default" Default="True"/>
    </BuildModes>
    <PublishOptions>
      <Version Value="2"/>
    </PublishOptions>
    <RunParams>
      <local>
        <FormatVersion Value="1"/>
        <CommandLineParams Value="--InputNumber 7  --SatSolverType CNFCollection --OutputFileName a.cnf --Verbosity 15 --FactorizerMode BinaryRep"/>
      </local>
    </RunParams>
    <Units Count="15">
      <Unit0>
        <Filename Value="FactorUsingSAT.pp"/>
        <IsPartOfProject Value="True"/>
        <UnitName Value="FactorUsingSAT"/>
      </Unit0>
      <Unit1>
        <Filename Value="FactoringUsingModulosUnit.pp"/>
        <IsPartOfProject Value="True"/>
        <UnitName Value="FactoringUsingModulosUnit"/>
      </Unit1>
      <Unit2>
        <Filename Value="../General-Purpose-Units/GenericCollectionUnit.pp"/>
        <IsPartOfProject Value="True"/>
        <UnitName Value="GenericCollectionUnit"/>
      </Unit2>
      <Unit3>
        <Filename Value="../Algortihmic-Unit/BigInt.pp"/>
        <IsPartOfProject Value="True"/>
        <UnitName Value="BigInt"/>
      </Unit3>
      <Unit4>
        <Filename Value="../General-Purpose-Units/StreamUnit.pas"/>
        <IsPartOfProject Value="True"/>
      </Unit4>
      <Unit5>
        <Filename Value="../SAT-Solver-Units/General/TSeitinVariableUnit.pp"/>
        <IsPartOfProject Value="True"/>
        <UnitName Value="TSeitinVariableUnit"/>
      </Unit5>
      <Unit6>
        <Filename Value="../SAT-Solver-Units/Circuits/Arithmetic-Circuits/BinaryArithmeticCircuitUnit.pp"/>
        <IsPartOfProject Value="True"/>
        <UnitName Value="BinaryArithmeticCircuitUnit"/>
      </Unit6>
      <Unit7>
        <Filename Value="../SAT-Solver-Units/Circuits/Arithmetic-Circuits/BaseArithmeticCircuitUnit.pp"/>
        <IsPartOfProject Value="True"/>
        <UnitName Value="BaseArithmeticCircuitUnit"/>
      </Unit7>
      <Unit8>
        <Filename Value="../SAT-Solver-Units/Circuits/BaseCircuitUnit.pp"/>
        <IsPartOfProject Value="True"/>
        <UnitName Value="BaseCircuitUnit"/>
      </Unit8>
      <Unit9>
        <Filename Value="../SAT-Solver-Units/SatSolverInterfaceUnit.pp"/>
        <IsPartOfProject Value="True"/>
        <UnitName Value="SatSolverInterfaceUnit"/>
      </Unit9>
      <Unit10>
        <Filename Value="../SAT-Solver-Units/MiniSAT/MiniSatSolverInterfaceUnit.pp"/>
        <IsPartOfProject Value="True"/>
      </Unit10>
      <Unit11>
        <Filename Value="../PBSolverEngine/Specification/PBConstraintUnit.pp"/>
        <IsPartOfProject Value="True"/>
      </Unit11>
      <Unit12>
        <Filename Value="../PBSolverEngine/Engines/AbstractPBModEncoderUnit.pp"/>
        <IsPartOfProject Value="True"/>
      </Unit12>
      <Unit13>
        <Filename Value="../../FPC/fpc/packages/fcl-stl/src/gvector.pp"/>
        <IsPartOfProject Value="True"/>
        <UnitName Value="gvector"/>
      </Unit13>
      <Unit14>
        <Filename Value="../../FPC/fpc/packages/fcl-base/src/contnrs.pp"/>
        <IsPartOfProject Value="True"/>
      </Unit14>
    </Units>
  </ProjectOptions>
  <CompilerOptions>
    <Version Value="11"/>
    <Target>
      <Filename Value="FactorUsingSAT"/>
    </Target>
    <SearchPaths>
      <IncludeFiles Value="$(ProjOutDir)"/>
      <OtherUnitFiles Value="../Algortihmic-Unit;../General-Purpose-Units;../SAT-Solver-Units/General;../SAT-Solver-Units/Circuits/Arithmetic-Circuits;../SAT-Solver-Units/Circuits;../SAT-Solver-Units;../SAT-Solver-Units/MiniSAT;../PBSolverEngine/Specification;../PBSolverEngine/Engines;../../FPC/fpc/packages/fcl-base/src;../../FPC/fpc/packages/fcl-stl/src"/>
      <UnitOutputDirectory Value="lib/$(TargetCPU)-$(TargetOS)"/>
    </SearchPaths>
  </CompilerOptions>
  <Debugging>
    <Exceptions Count="4">
      <Item1>
        <Name Value="EAbort"/>
      </Item1>
      <Item2>
        <Name Value="ECodetoolError"/>
      </Item2>
      <Item3>
        <Name Value="EFOpenError"/>
      </Item3>
      <Item4>
        <Name Value="ENameNotFound"/>
      </Item4>
    </Exceptions>
  </Debugging>
</CONFIG>
