<?xml version="1.0" encoding="UTF-8"?>
<CONFIG>
  <ProjectOptions>
    <Version Value="9"/>
    <General>
      <Flags>
        <MainUnitHasCreateFormStatements Value="False"/>
        <MainUnitHasTitleStatement Value="False"/>
        <UseDefaultCompilerOptions Value="True"/>
      </Flags>
      <SessionStorage Value="InProjectDir"/>
      <MainUnit Value="0"/>
      <Title Value="PBPASSolver"/>
      <UseAppBundle Value="False"/>
      <ResourceType Value="res"/>
      <Resources Count="1">
        <Resource_0 FileName="ValidArguments.inc" Type="RCDATA" ResourceName="VALIDARGUMENTS"/>
      </Resources>
    </General>
    <i18n>
      <EnableI18N LFM="False"/>
    </i18n>
    <VersionInfo>
      <StringTable ProductVersion=""/>
    </VersionInfo>
    <BuildModes Count="1">
      <Item1 Name="Default" Default="True"/>
    </BuildModes>
    <PublishOptions>
      <Version Value="2"/>
    </PublishOptions>
    <RunParams>
      <local>
        <FormatVersion Value="1"/>
        <CommandLineParams Value="--InputFilename benchmarks/25-25-1.opb --OutputFilename a.cnf --SatSolverType CNFCollection --ModuloMode LogS --ModularEncoder Bin"/>
      </local>
    </RunParams>
    <Units Count="8">
      <Unit0>
        <Filename Value="PBPASSolver.lpr"/>
        <IsPartOfProject Value="True"/>
      </Unit0>
      <Unit1>
        <Filename Value="../SAT-Solver-Units/SatSolverInterfaceUnit.pp"/>
        <IsPartOfProject Value="True"/>
        <UnitName Value="SatSolverInterfaceUnit"/>
      </Unit1>
      <Unit2>
        <Filename Value="Engines/AbstractPBSolverUnit.pp"/>
        <IsPartOfProject Value="True"/>
        <UnitName Value="AbstractPBSolverUnit"/>
      </Unit2>
      <Unit3>
        <Filename Value="Engines/MyPBSolverEngineUsingLogSUnit.pp"/>
        <IsPartOfProject Value="True"/>
        <UnitName Value="MyPBSolverEngineUsingLogSUnit"/>
      </Unit3>
      <Unit4>
        <Filename Value="../General-Purpose-Units/MyTypes.pas"/>
        <IsPartOfProject Value="True"/>
        <UnitName Value="MyTypes"/>
      </Unit4>
      <Unit5>
        <Filename Value="Specification/PBConstraintUnit.pp"/>
        <IsPartOfProject Value="True"/>
        <UnitName Value="PBConstraintUnit"/>
      </Unit5>
      <Unit6>
        <Filename Value="../SAT-Solver-Units/General/ClauseUnit.pp"/>
        <IsPartOfProject Value="True"/>
        <UnitName Value="ClauseUnit"/>
      </Unit6>
      <Unit7>
        <Filename Value="../Algortihmic-Unit/BigInt.pp"/>
        <IsPartOfProject Value="True"/>
        <UnitName Value="BigInt"/>
      </Unit7>
    </Units>
  </ProjectOptions>
  <CompilerOptions>
    <Version Value="11"/>
    <Target>
      <Filename Value="PBPASSolver"/>
    </Target>
    <SearchPaths>
      <IncludeFiles Value="$(ProjOutDir)"/>
      <OtherUnitFiles Value="../SAT-Solver-Units;Engines;../General-Purpose-Units;Specification;../SAT-Solver-Units/General;../Algortihmic-Unit"/>
      <UnitOutputDirectory Value="lib/$(TargetCPU)-$(TargetOS)"/>
    </SearchPaths>
    <Other>
      <CompilerMessages>
        <MsgFileName Value=""/>
      </CompilerMessages>
      <CompilerPath Value="$(CompPath)"/>
    </Other>
  </CompilerOptions>
  <Debugging>
    <Exceptions Count="4">
      <Item1>
        <Name Value="EAbort"/>
      </Item1>
      <Item2>
        <Name Value="ECodetoolError"/>
      </Item2>
      <Item3>
        <Name Value="EFOpenError"/>
      </Item3>
      <Item4>
        <Name Value="ENameNotFound"/>
      </Item4>
    </Exceptions>
  </Debugging>
</CONFIG>
